github.com/davecgh/go-spew v1.1.1 h1:vj9j/u1bqnvCEfJOwUhtlOARqs3+rkHYY13jYWTU97c=
github.com/davecgh/go-spew v1.1.1/go.mod h1:J7Y8YcW2NihsgmVo/mv3lAwl/skON4iLHjSsI+c5H38=
github.com/klauspost/cpuid/v2 v2.2.5 h1:0E5MSMDEoAulmXNFquVs//DdoomxaoTY1kUhbc/qbZg=
github.com/klauspost/cpuid/v2 v2.2.5/go.mod h1:Lcz8mBdAVJIBVzewtcLocK12l3Y+JytZYpaMropDUws=
github.com/pmezard/go-difflib v1.0.0 h1:4DBwDE0NGyQoBHbLQYPwSUPoCMWR5BEzIk/f1lZbAQM=
github.com/pmezard/go-difflib v1.0.0/go.mod h1:iKH77koFhYxTK1pcRnkKkqfTogsbg7gZNVY4sRDYZ/4=
github.com/samber/lo v1.38.1 h1:j2XEAqXKb09Am4ebOg31SpvzUTTs6EN3VfgeLUhPdXM=
github.com/samber/lo v1.38.1/go.mod h1:+m/ZKRl6ClXCE2Lgf3MsQlWfh4bn1bz6CXEOxnEXnEA=
github.com/stretchr/testify v1.8.1 h1:w7B6lhMri9wdJUVmEZPGGhZzrYTPvgJArz7wNPgYKsk=
github.com/stretchr/testify v1.8.1/go.mod h1:w2LPCIKwWwSfY2zedu0+kehJoqGctiVI29o6fzry7u4=
github.com/tidwall/gjson v1.14.2/go.mod h1:/wbyibRr2FHMks5tjHJ5F8dMZh3AcwJEMf5vlfC0lxk=
github.com/tidwall/gjson v1.16.0 h1:SyXa+dsSPpUlcwEDuKuEBJEz5vzTvOea+9rjyYodQFg=
github.com/tidwall/gjson v1.16.0/go.mod h1:/wbyibRr2FHMks5tjHJ5F8dMZh3AcwJEMf5vlfC0lxk=
github.com/tidwall/gjson v1.17.0 h1:/Jocvlh98kcTfpN2+JzGQWQcqrPQwDrVEMApx/M5ZwM=
github.com/tidwall/gjson v1.17.0/go.mod h1:/wbyibRr2FHMks5tjHJ5F8dMZh3AcwJEMf5vlfC0lxk=
github.com/tidwall/match v1.1.1 h1:+Ho715JplO36QYgwN9PGYNhgZvoUSc9X2c80KVTi+GA=
github.com/tidwall/match v1.1.1/go.mod h1:eRSPERbgtNPcGhD8UCthc6PmLEQXEWd3PRB5JTxsfmM=
github.com/tidwall/pretty v1.2.0/go.mod h1:ITEVvHYasfjBbM0u2Pg8T2nJnzm8xPwvNhhsoaGGjNU=
github.com/tidwall/pretty v1.2.1 h1:qjsOFOWWQl+N3RsoF5/ssm1pHmJJwhjlSbZ51I6wMl4=
github.com/tidwall/pretty v1.2.1/go.mod h1:ITEVvHYasfjBbM0u2Pg8T2nJnzm8xPwvNhhsoaGGjNU=
github.com/tidwall/sjson v1.2.5 h1:kLy8mja+1c9jlljvWTlSazM7cKDRfJuR/bOJhcY5NcY=
github.com/tidwall/sjson v1.2.5/go.mod h1:Fvgq9kS/6ociJEDnK0Fk1cpYF4FIW6ZF7LAe+6jwd28=
github.com/xmdhs/clash2singbox v0.0.0-20230906141725-5eb3ac39d572 h1:YYGsvVa6m0fJVC0TX8sZSyv4vHuonUbEmscrQV0HzcM=
github.com/xmdhs/clash2singbox v0.0.0-20230906141725-5eb3ac39d572/go.mod h1:LaCPpH9WkYgPzWSd8RIUHC5Mp0LYCV7LDmCx66VM1tE=
github.com/xmdhs/clash2singbox v0.0.0-20230923072355-f598ffe75395 h1:TwjDa2fyGgnwW+oPH7+EKdciT4fAMzab+NBuXtMzvPY=
github.com/xmdhs/clash2singbox v0.0.0-20230923072355-f598ffe75395/go.mod h1:s8ADgXev99az3CUg5BfuCx5pyvyUqUlqNfnlIEcMHP4=
github.com/xmdhs/clash2singbox v0.0.0-20230923074208-d4342b538b81 h1:fFVHq9cL7cfuOtfM9+VAh6XjC9vQrQH1Jf1BGxiaPrI=
github.com/xmdhs/clash2singbox v0.0.0-20230923074208-d4342b538b81/go.mod h1:s8ADgXev99az3CUg5BfuCx5pyvyUqUlqNfnlIEcMHP4=
github.com/xmdhs/clash2singbox v0.0.0-20230923074746-2ac2b5c4eda1 h1:hIUgda22rPxvWSWbDStKH1ZGb7ja9z8htkLf3cvmgMI=
github.com/xmdhs/clash2singbox v0.0.0-20230923074746-2ac2b5c4eda1/go.mod h1:s8ADgXev99az3CUg5BfuCx5pyvyUqUlqNfnlIEcMHP4=
github.com/xmdhs/clash2singbox v0.0.0-20230927170528-0f49c5c998fd h1:enHnMUw+ftaaY920lWn5N9I1fqoFCqU0p1C3pOWp5y4=
github.com/xmdhs/clash2singbox v0.0.0-20230927170528-0f49c5c998fd/go.mod h1:B5pbJCwIHhJg6YRPCT04EXw6XXNIIOllMfL3XyJ7ob8=
github.com/xmdhs/clash2singbox v0.0.0-20230928093336-60167b4c3ff6 h1:zZglOS8Msi+UxqfM6umAkl79mays5woeGkXl1AYZq30=
github.com/xmdhs/clash2singbox v0.0.0-20230928093336-60167b4c3ff6/go.mod h1:B5pbJCwIHhJg6YRPCT04EXw6XXNIIOllMfL3XyJ7ob8=
github.com/xmdhs/clash2singbox v0.0.2-0.20231002081500-aed7ac734ca6 h1:5PTDYAXstG6ZSivaq6KLRBuJ4izIwDJtOuvbLuxV8J0=
github.com/xmdhs/clash2singbox v0.0.2-0.20231002081500-aed7ac734ca6/go.mod h1:B5pbJCwIHhJg6YRPCT04EXw6XXNIIOllMfL3XyJ7ob8=
go.etcd.io/bbolt v1.3.7 h1:j+zJOnnEjF/kyHlDDgGnVL/AIqIJPq8UoB2GSNfkUfQ=
go.etcd.io/bbolt v1.3.7/go.mod h1:N9Mkw9X8x5fupy0IKsmuqVtoGDyxsaDlbk4Rd05IAQw=
golang.org/x/exp v0.0.0-20230817173708-d852ddb80c63 h1:m64FZMko/V45gv0bNmrNYoDEq8U5YUhetc9cBWKS1TQ=
golang.org/x/exp v0.0.0-20230817173708-d852ddb80c63/go.mod h1:0v4NqG35kSWCMzLaMeX+IQrlSnVE/bqGSyC2cz/9Le8=
golang.org/x/sync v0.3.0 h1:ftCYgMx6zT/asHUrPw8BLLscYtGznsLAnjq5RH9P66E=
golang.org/x/sync v0.3.0/go.mod h1:FU7BRWz2tNW+3quACPkgCx/L+uEAv1htQ0V83Z9Rj+Y=
golang.org/x/sys v0.5.0/go.mod h1:oPkhp1MJrh7nUepCBck5+mAzfO9JrbApNNgaTdGDITg=
golang.org/x/sys v0.11.0 h1:eG7RXZHdqOJ1i+0lgLgCpSXAp6M3LYlAo6osgSi0xOM=
golang.org/x/sys v0.11.0/go.mod h1:oPkhp1MJrh7nUepCBck5+mAzfO9JrbApNNgaTdGDITg=
gopkg.in/check.v1 v0.0.0-20161208181325-20d25e280405 h1:yhCVgyC4o1eVCa2tZl7eS0r+SDo693bJlVdllGtEeKM=
gopkg.in/check.v1 v0.0.0-20161208181325-20d25e280405/go.mod h1:Co6ibVJAznAaIkqp8huTwlJQCZ016jof/cbN4VW5Yz0=
gopkg.in/yaml.v3 v3.0.1 h1:fxVm/GzAzEWqLHuvctI91KS9hhNmmWOoWu0XTYJS7CA=
gopkg.in/yaml.v3 v3.0.1/go.mod h1:K4uyk7z7BCEPqu6E+C64Yfv1cQ7kz7rIZviUmN+EgEM=
lukechampine.com/blake3 v1.2.1 h1:YuqqRuaqsGV71BV/nm9xlI0MKUv4QC54jQnBChWbGnI=
lukechampine.com/blake3 v1.2.1/go.mod h1:0OFRp7fBtAylGVCO40o87sbupkyIGgbpv1+M1k1LM6k=
